
Microsoft Visual Studio Solution File, Format Version 12.00
# Visual Studio Version 17
VisualStudioVersion = 17.4.33103.184
MinimumVisualStudioVersion = 10.0.40219.1
Project("{9A19103F-16F7-4668-BE54-9A1E7A4F7556}") = "AmerFamilyPlayoffs", "BlazorWasm\AmerFamilyPlayoffs.csproj", "{B4114405-81BE-4E33-9054-10A5E1171372}"
EndProject
Project("{9A19103F-16F7-4668-BE54-9A1E7A4F7556}") = "AmerFamilyPlayoffs.Api", "AmerFamilyPlayoffs.Api\AmerFamilyPlayoffs.Api.csproj", "{1196F74E-02BD-4685-9177-C46181325C6D}"
EndProject
Project("{9A19103F-16F7-4668-BE54-9A1E7A4F7556}") = "AmerFamilyPlayoffs.Data", "AmerFamilyPlayoffs.Data\AmerFamilyPlayoffs.Data.csproj", "{6DBF0C39-6D4D-4BE5-906A-77CB8DB42F79}"
EndProject
Project("{9A19103F-16F7-4668-BE54-9A1E7A4F7556}") = "AmerFamilyPlayoffs.Api.Tests", "AmerFamilyPlayoffs.Api.Tests\AmerFamilyPlayoffs.Api.Tests.csproj", "{12987C15-4C38-4637-8272-BF1117A50244}"
EndProject
Project("{9A19103F-16F7-4668-BE54-9A1E7A4F7556}") = "AmerFamilyPlayoffs.Api.Queries", "AmerFamilyPlayoffs.Api.Queries\AmerFamilyPlayoffs.Api.Queries.csproj", "{282EEC13-C9E4-4DC3-ABCD-99CE7DF0C2D6}"
EndProject
Project("{9A19103F-16F7-4668-BE54-9A1E7A4F7556}") = "AmerFamilyPlayoffs.Models", "AmerFamilyPlayoffs.Models\AmerFamilyPlayoffs.Models.csproj", "{71470689-004A-46E9-AA45-C824D2D23E26}"
EndProject
Project("{9A19103F-16F7-4668-BE54-9A1E7A4F7556}") = "AmerFamilyPlayoffs.Model.Extensions", "AmerFamilyPlayoffs.Model.Extensions\AmerFamilyPlayoffs.Model.Extensions.csproj", "{963F162D-4D3D-449A-9C2B-A621E3A5A6C7}"
EndProject
Global
	GlobalSection(SolutionConfigurationPlatforms) = preSolution
		Debug|Any CPU = Debug|Any CPU
		Release|Any CPU = Release|Any CPU
	EndGlobalSection
	GlobalSection(ProjectConfigurationPlatforms) = postSolution
		{B4114405-81BE-4E33-9054-10A5E1171372}.Debug|Any CPU.ActiveCfg = Debug|Any CPU
		{B4114405-81BE-4E33-9054-10A5E1171372}.Debug|Any CPU.Build.0 = Debug|Any CPU
		{B4114405-81BE-4E33-9054-10A5E1171372}.Release|Any CPU.ActiveCfg = Release|Any CPU
		{B4114405-81BE-4E33-9054-10A5E1171372}.Release|Any CPU.Build.0 = Release|Any CPU
		{1196F74E-02BD-4685-9177-C46181325C6D}.Debug|Any CPU.ActiveCfg = Debug|Any CPU
		{1196F74E-02BD-4685-9177-C46181325C6D}.Debug|Any CPU.Build.0 = Debug|Any CPU
		{1196F74E-02BD-4685-9177-C46181325C6D}.Release|Any CPU.ActiveCfg = Release|Any CPU
		{1196F74E-02BD-4685-9177-C46181325C6D}.Release|Any CPU.Build.0 = Release|Any CPU
		{6DBF0C39-6D4D-4BE5-906A-77CB8DB42F79}.Debug|Any CPU.ActiveCfg = Debug|Any CPU
		{6DBF0C39-6D4D-4BE5-906A-77CB8DB42F79}.Debug|Any CPU.Build.0 = Debug|Any CPU
		{6DBF0C39-6D4D-4BE5-906A-77CB8DB42F79}.Release|Any CPU.ActiveCfg = Release|Any CPU
		{6DBF0C39-6D4D-4BE5-906A-77CB8DB42F79}.Release|Any CPU.Build.0 = Release|Any CPU
		{12987C15-4C38-4637-8272-BF1117A50244}.Debug|Any CPU.ActiveCfg = Debug|Any CPU
		{12987C15-4C38-4637-8272-BF1117A50244}.Debug|Any CPU.Build.0 = Debug|Any CPU
		{12987C15-4C38-4637-8272-BF1117A50244}.Release|Any CPU.ActiveCfg = Release|Any CPU
		{12987C15-4C38-4637-8272-BF1117A50244}.Release|Any CPU.Build.0 = Release|Any CPU
		{282EEC13-C9E4-4DC3-ABCD-99CE7DF0C2D6}.Debug|Any CPU.ActiveCfg = Debug|Any CPU
		{282EEC13-C9E4-4DC3-ABCD-99CE7DF0C2D6}.Debug|Any CPU.Build.0 = Debug|Any CPU
		{282EEC13-C9E4-4DC3-ABCD-99CE7DF0C2D6}.Release|Any CPU.ActiveCfg = Release|Any CPU
		{282EEC13-C9E4-4DC3-ABCD-99CE7DF0C2D6}.Release|Any CPU.Build.0 = Release|Any CPU
		{71470689-004A-46E9-AA45-C824D2D23E26}.Debug|Any CPU.ActiveCfg = Debug|Any CPU
		{71470689-004A-46E9-AA45-C824D2D23E26}.Debug|Any CPU.Build.0 = Debug|Any CPU
		{71470689-004A-46E9-AA45-C824D2D23E26}.Release|Any CPU.ActiveCfg = Release|Any CPU
		{71470689-004A-46E9-AA45-C824D2D23E26}.Release|Any CPU.Build.0 = Release|Any CPU
		{963F162D-4D3D-449A-9C2B-A621E3A5A6C7}.Debug|Any CPU.ActiveCfg = Debug|Any CPU
		{963F162D-4D3D-449A-9C2B-A621E3A5A6C7}.Debug|Any CPU.Build.0 = Debug|Any CPU
		{963F162D-4D3D-449A-9C2B-A621E3A5A6C7}.Release|Any CPU.ActiveCfg = Release|Any CPU
		{963F162D-4D3D-449A-9C2B-A621E3A5A6C7}.Release|Any CPU.Build.0 = Release|Any CPU
	EndGlobalSection
	GlobalSection(SolutionProperties) = preSolution
		HideSolutionNode = FALSE
	EndGlobalSection
	GlobalSection(ExtensibilityGlobals) = postSolution
		SolutionGuid = {E5617137-0C1D-44CE-9CD5-808495C15B9A}
	EndGlobalSection
EndGlobal
